
Microsoft Visual Studio Solution File, Format Version 12.00
# Blend for Visual Studio 15
VisualStudioVersion = 15.0.28010.2048
MinimumVisualStudioVersion = 10.0.40219.1
Project("{FAE04EC0-301F-11D3-BF4B-00C04F79EFBC}") = "C_APP", "C_APP\C_APP.csproj", "{73A48442-B177-4281-A4A6-76F9DD8EC0D3}"
EndProject
Global
	GlobalSection(SolutionConfigurationPlatforms) = preSolution
		Debug|Any CPU = Debug|Any CPU
		Release|Any CPU = Release|Any CPU
	EndGlobalSection
	GlobalSection(ProjectConfigurationPlatforms) = postSolution
		{73A48442-B177-4281-A4A6-76F9DD8EC0D3}.Debug|Any CPU.ActiveCfg = Debug|Any CPU
		{73A48442-B177-4281-A4A6-76F9DD8EC0D3}.Debug|Any CPU.Build.0 = Debug|Any CPU
		{73A48442-B177-4281-A4A6-76F9DD8EC0D3}.Release|Any CPU.ActiveCfg = Release|Any CPU
		{73A48442-B177-4281-A4A6-76F9DD8EC0D3}.Release|Any CPU.Build.0 = Release|Any CPU
	EndGlobalSection
	GlobalSection(SolutionProperties) = preSolution
		HideSolutionNode = FALSE
	EndGlobalSection
	GlobalSection(ExtensibilityGlobals) = postSolution
		SolutionGuid = {84A685CE-3801-4610-AE1C-399EEB77B58A}
	EndGlobalSection
EndGlobal
